
Microsoft Visual Studio Solution File, Format Version 12.00
# Visual Studio Version 17
VisualStudioVersion = 17.1.32407.343
MinimumVisualStudioVersion = 10.0.40219.1
Project("{FAE04EC0-301F-11D3-BF4B-00C04F79EFBC}") = "WinFormsApp_DesafioGaragem", "WinFormsApp_DesafioGaragem.csproj", "{178EAA1D-7D18-4F4D-BD4F-A0A48B6ADBBD}"
EndProject
Global
	GlobalSection(SolutionConfigurationPlatforms) = preSolution
		Debug|Any CPU = Debug|Any CPU
		Release|Any CPU = Release|Any CPU
	EndGlobalSection
	GlobalSection(ProjectConfigurationPlatforms) = postSolution
		{178EAA1D-7D18-4F4D-BD4F-A0A48B6ADBBD}.Debug|Any CPU.ActiveCfg = Debug|Any CPU
		{178EAA1D-7D18-4F4D-BD4F-A0A48B6ADBBD}.Debug|Any CPU.Build.0 = Debug|Any CPU
		{178EAA1D-7D18-4F4D-BD4F-A0A48B6ADBBD}.Release|Any CPU.ActiveCfg = Release|Any CPU
		{178EAA1D-7D18-4F4D-BD4F-A0A48B6ADBBD}.Release|Any CPU.Build.0 = Release|Any CPU
	EndGlobalSection
	GlobalSection(SolutionProperties) = preSolution
		HideSolutionNode = FALSE
	EndGlobalSection
	GlobalSection(ExtensibilityGlobals) = postSolution
		SolutionGuid = {106B2D92-69FA-439B-8C19-2FF6BB48011F}
	EndGlobalSection
EndGlobal
