
Microsoft Visual Studio Solution File, Format Version 12.00
# Visual Studio Version 17
VisualStudioVersion = 17.1.32407.343
MinimumVisualStudioVersion = 10.0.40219.1
Project("{FAE04EC0-301F-11D3-BF4B-00C04F79EFBC}") = "Drop6_listaArquivoEscrita", "Drop6_listaArquivoEscrita.csproj", "{62AF7789-60E9-4307-AC5D-8D2127A24993}"
EndProject
Global
	GlobalSection(SolutionConfigurationPlatforms) = preSolution
		Debug|Any CPU = Debug|Any CPU
		Release|Any CPU = Release|Any CPU
	EndGlobalSection
	GlobalSection(ProjectConfigurationPlatforms) = postSolution
		{62AF7789-60E9-4307-AC5D-8D2127A24993}.Debug|Any CPU.ActiveCfg = Debug|Any CPU
		{62AF7789-60E9-4307-AC5D-8D2127A24993}.Debug|Any CPU.Build.0 = Debug|Any CPU
		{62AF7789-60E9-4307-AC5D-8D2127A24993}.Release|Any CPU.ActiveCfg = Release|Any CPU
		{62AF7789-60E9-4307-AC5D-8D2127A24993}.Release|Any CPU.Build.0 = Release|Any CPU
	EndGlobalSection
	GlobalSection(SolutionProperties) = preSolution
		HideSolutionNode = FALSE
	EndGlobalSection
	GlobalSection(ExtensibilityGlobals) = postSolution
		SolutionGuid = {B888A8FD-1D3B-4C9B-A80E-13CF5544A9A5}
	EndGlobalSection
EndGlobal
