
Microsoft Visual Studio Solution File, Format Version 12.00
# Visual Studio Version 17
VisualStudioVersion = 17.1.32407.343
MinimumVisualStudioVersion = 10.0.40219.1
Project("{FAE04EC0-301F-11D3-BF4B-00C04F79EFBC}") = "18_ConsoleApp_Entity_CodeFirst", "18_ConsoleApp_Entity_CodeFirst.csproj", "{0CCB10F2-677C-4089-B770-1E8EA38C74E5}"
EndProject
Global
	GlobalSection(SolutionConfigurationPlatforms) = preSolution
		Debug|Any CPU = Debug|Any CPU
		Release|Any CPU = Release|Any CPU
	EndGlobalSection
	GlobalSection(ProjectConfigurationPlatforms) = postSolution
		{0CCB10F2-677C-4089-B770-1E8EA38C74E5}.Debug|Any CPU.ActiveCfg = Debug|Any CPU
		{0CCB10F2-677C-4089-B770-1E8EA38C74E5}.Debug|Any CPU.Build.0 = Debug|Any CPU
		{0CCB10F2-677C-4089-B770-1E8EA38C74E5}.Release|Any CPU.ActiveCfg = Release|Any CPU
		{0CCB10F2-677C-4089-B770-1E8EA38C74E5}.Release|Any CPU.Build.0 = Release|Any CPU
	EndGlobalSection
	GlobalSection(SolutionProperties) = preSolution
		HideSolutionNode = FALSE
	EndGlobalSection
	GlobalSection(ExtensibilityGlobals) = postSolution
		SolutionGuid = {35CB2FFD-61D1-490A-AD12-E83759CA20F6}
	EndGlobalSection
EndGlobal
