
Microsoft Visual Studio Solution File, Format Version 12.00
# Visual Studio Version 17
VisualStudioVersion = 17.1.32407.343
MinimumVisualStudioVersion = 10.0.40219.1
Project("{FAE04EC0-301F-11D3-BF4B-00C04F79EFBC}") = "Drop5_escreverArquivo", "Drop5_escreverArquivo.csproj", "{D31C868C-87E4-4B80-B06B-3B8572736136}"
EndProject
Global
	GlobalSection(SolutionConfigurationPlatforms) = preSolution
		Debug|Any CPU = Debug|Any CPU
		Release|Any CPU = Release|Any CPU
	EndGlobalSection
	GlobalSection(ProjectConfigurationPlatforms) = postSolution
		{D31C868C-87E4-4B80-B06B-3B8572736136}.Debug|Any CPU.ActiveCfg = Debug|Any CPU
		{D31C868C-87E4-4B80-B06B-3B8572736136}.Debug|Any CPU.Build.0 = Debug|Any CPU
		{D31C868C-87E4-4B80-B06B-3B8572736136}.Release|Any CPU.ActiveCfg = Release|Any CPU
		{D31C868C-87E4-4B80-B06B-3B8572736136}.Release|Any CPU.Build.0 = Release|Any CPU
	EndGlobalSection
	GlobalSection(SolutionProperties) = preSolution
		HideSolutionNode = FALSE
	EndGlobalSection
	GlobalSection(ExtensibilityGlobals) = postSolution
		SolutionGuid = {ABD89C7A-6BB2-4563-B66E-C154C14E4E1E}
	EndGlobalSection
EndGlobal
